
Microsoft Visual Studio Solution File, Format Version 12.00
# Visual Studio Version 16
VisualStudioVersion = 16.0.32802.440
MinimumVisualStudioVersion = 10.0.40219.1
Project("{FAE04EC0-301F-11D3-BF4B-00C04F79EFBC}") = "KocsikApp", "KocsikApp\KocsikApp.csproj", "{9FD99026-2696-465F-AAA3-7AB7C1D36443}"
EndProject
Global
	GlobalSection(SolutionConfigurationPlatforms) = preSolution
		Debug|Any CPU = Debug|Any CPU
		Release|Any CPU = Release|Any CPU
	EndGlobalSection
	GlobalSection(ProjectConfigurationPlatforms) = postSolution
		{9FD99026-2696-465F-AAA3-7AB7C1D36443}.Debug|Any CPU.ActiveCfg = Debug|Any CPU
		{9FD99026-2696-465F-AAA3-7AB7C1D36443}.Debug|Any CPU.Build.0 = Debug|Any CPU
		{9FD99026-2696-465F-AAA3-7AB7C1D36443}.Release|Any CPU.ActiveCfg = Release|Any CPU
		{9FD99026-2696-465F-AAA3-7AB7C1D36443}.Release|Any CPU.Build.0 = Release|Any CPU
	EndGlobalSection
	GlobalSection(SolutionProperties) = preSolution
		HideSolutionNode = FALSE
	EndGlobalSection
	GlobalSection(ExtensibilityGlobals) = postSolution
		SolutionGuid = {AFE9ED72-DCA6-4FEA-8A79-D2722BB99BFB}
	EndGlobalSection
EndGlobal
